// !$*UTF8*$!
{
	archiveVersion = 1;
	classes = {
	};
	objectVersion = 60;
	objects = {

/* Begin PBXBuildFile section */
		A10001 /* SwiftDiscourseHubApp.swift in Sources */ = {isa = PBXBuildFile; fileRef = B10001 /* SwiftDiscourseHubApp.swift */; };
		A10002 /* ContentView.swift in Sources */ = {isa = PBXBuildFile; fileRef = B10002 /* ContentView.swift */; };
		A10003 /* DiscourseSite.swift in Sources */ = {isa = PBXBuildFile; fileRef = B10003 /* DiscourseSite.swift */; };
		A10004 /* TopicListResponse.swift in Sources */ = {isa = PBXBuildFile; fileRef = B10004 /* TopicListResponse.swift */; };
		A10005 /* CategoryListResponse.swift in Sources */ = {isa = PBXBuildFile; fileRef = B10005 /* CategoryListResponse.swift */; };
		A10006 /* SiteBasicInfo.swift in Sources */ = {isa = PBXBuildFile; fileRef = B10006 /* SiteBasicInfo.swift */; };
		A10007 /* DiscourseAPIClient.swift in Sources */ = {isa = PBXBuildFile; fileRef = B10007 /* DiscourseAPIClient.swift */; };
		A10008 /* SiteDiscoveryService.swift in Sources */ = {isa = PBXBuildFile; fileRef = B10008 /* SiteDiscoveryService.swift */; };
		A10009 /* SiteListViewModel.swift in Sources */ = {isa = PBXBuildFile; fileRef = B10009 /* SiteListViewModel.swift */; };
		A10010 /* TopicListViewModel.swift in Sources */ = {isa = PBXBuildFile; fileRef = B10010 /* TopicListViewModel.swift */; };
		A10011 /* CategoryListViewModel.swift in Sources */ = {isa = PBXBuildFile; fileRef = B10011 /* CategoryListViewModel.swift */; };
		A10012 /* AddSiteViewModel.swift in Sources */ = {isa = PBXBuildFile; fileRef = B10012 /* AddSiteViewModel.swift */; };
		A10013 /* SiteSidebarView.swift in Sources */ = {isa = PBXBuildFile; fileRef = B10013 /* SiteSidebarView.swift */; };
		A10014 /* SiteIconView.swift in Sources */ = {isa = PBXBuildFile; fileRef = B10014 /* SiteIconView.swift */; };
		A10015 /* TopicListView.swift in Sources */ = {isa = PBXBuildFile; fileRef = B10015 /* TopicListView.swift */; };
		A10016 /* TopicRowView.swift in Sources */ = {isa = PBXBuildFile; fileRef = B10016 /* TopicRowView.swift */; };
		A10017 /* TopicFilterBar.swift in Sources */ = {isa = PBXBuildFile; fileRef = B10017 /* TopicFilterBar.swift */; };
		A10018 /* CategoryListView.swift in Sources */ = {isa = PBXBuildFile; fileRef = B10018 /* CategoryListView.swift */; };
		A10019 /* CategoryBadgeView.swift in Sources */ = {isa = PBXBuildFile; fileRef = B10019 /* CategoryBadgeView.swift */; };
		A10020 /* AddSiteSheet.swift in Sources */ = {isa = PBXBuildFile; fileRef = B10020 /* AddSiteSheet.swift */; };
		A10021 /* DiscoverSitesView.swift in Sources */ = {isa = PBXBuildFile; fileRef = B10021 /* DiscoverSitesView.swift */; };
		A10022 /* CachedAsyncImage.swift in Sources */ = {isa = PBXBuildFile; fileRef = B10022 /* CachedAsyncImage.swift */; };
		A10023 /* RelativeTimeText.swift in Sources */ = {isa = PBXBuildFile; fileRef = B10023 /* RelativeTimeText.swift */; };
		A10024 /* ErrorStateView.swift in Sources */ = {isa = PBXBuildFile; fileRef = B10024 /* ErrorStateView.swift */; };
		A10025 /* URLHelpers.swift in Sources */ = {isa = PBXBuildFile; fileRef = B10025 /* URLHelpers.swift */; };
		A10026 /* Color+Hex.swift in Sources */ = {isa = PBXBuildFile; fileRef = B10026 /* Color+Hex.swift */; };
		A10027 /* Assets.xcassets in Resources */ = {isa = PBXBuildFile; fileRef = B10027 /* Assets.xcassets */; };
		A10028 /* TopicDetailView.swift in Sources */ = {isa = PBXBuildFile; fileRef = B10028 /* TopicDetailView.swift */; };
		A10029 /* TopicDetailResponse.swift in Sources */ = {isa = PBXBuildFile; fileRef = B10029 /* TopicDetailResponse.swift */; };
		A10031 /* PostContentView.swift in Sources */ = {isa = PBXBuildFile; fileRef = B10031 /* PostContentView.swift */; };
		A10033 /* RawTopicParser.swift in Sources */ = {isa = PBXBuildFile; fileRef = B10033 /* RawTopicParser.swift */; };
		A10034 /* DiscourseMarkdownPreprocessor.swift in Sources */ = {isa = PBXBuildFile; fileRef = B10034 /* DiscourseMarkdownPreprocessor.swift */; };
		A10035 /* Theme.swift in Sources */ = {isa = PBXBuildFile; fileRef = B10035 /* Theme.swift */; };
		A10037 /* DiscourseTextStyle.swift in Sources */ = {isa = PBXBuildFile; fileRef = B10037 /* DiscourseTextStyle.swift */; };
		A10038 /* Previews.swift in Sources */ = {isa = PBXBuildFile; fileRef = B10038 /* Previews.swift */; };
		A10039 /* DiscoverSiteDetailView.swift in Sources */ = {isa = PBXBuildFile; fileRef = B10039 /* DiscoverSiteDetailView.swift */; };
		A10040 /* KeychainService.swift in Sources */ = {isa = PBXBuildFile; fileRef = B10040 /* KeychainService.swift */; };
		A10041 /* AuthService.swift in Sources */ = {isa = PBXBuildFile; fileRef = B10041 /* AuthService.swift */; };
		A10042 /* CreatePostResponse.swift in Sources */ = {isa = PBXBuildFile; fileRef = B10042 /* CreatePostResponse.swift */; };
		A10043 /* LoginRequiredView.swift in Sources */ = {isa = PBXBuildFile; fileRef = B10043 /* LoginRequiredView.swift */; };
		A10044 /* AuthFooterBar.swift in Sources */ = {isa = PBXBuildFile; fileRef = B10044 /* AuthFooterBar.swift */; };
		A10045 /* ComposerView.swift in Sources */ = {isa = PBXBuildFile; fileRef = B10045 /* ComposerView.swift */; };
		A10046 /* ToastOverlay.swift in Sources */ = {isa = PBXBuildFile; fileRef = B10046 /* ToastOverlay.swift */; };
		A10047 /* UploadResponse.swift in Sources */ = {isa = PBXBuildFile; fileRef = B10047 /* UploadResponse.swift */; };
		A10048 /* CompactSiteListView.swift in Sources */ = {isa = PBXBuildFile; fileRef = B10048 /* CompactSiteListView.swift */; };
		A10049 /* CompactTopicListView.swift in Sources */ = {isa = PBXBuildFile; fileRef = B10049 /* CompactTopicListView.swift */; };
		A10050 /* PostView.swift in Sources */ = {isa = PBXBuildFile; fileRef = B10050 /* PostView.swift */; };
		A10051 /* MarkdownFormatter.swift in Sources */ = {isa = PBXBuildFile; fileRef = B10051 /* MarkdownFormatter.swift */; };
		A10052 /* DiscoverSiteRow.swift in Sources */ = {isa = PBXBuildFile; fileRef = B10052 /* DiscoverSiteRow.swift */; };
		A10053 /* FlowLayout.swift in Sources */ = {isa = PBXBuildFile; fileRef = B10053 /* FlowLayout.swift */; };
		A10054 /* CategoryCardView.swift in Sources */ = {isa = PBXBuildFile; fileRef = B10054 /* CategoryCardView.swift */; };
		A10055 /* DiscoverSiteCard.swift in Sources */ = {isa = PBXBuildFile; fileRef = B10055 /* DiscoverSiteCard.swift */; };
		A10056 /* CurrentUserResponse.swift in Sources */ = {isa = PBXBuildFile; fileRef = B10056 /* CurrentUserResponse.swift */; };
		A10057 /* SmallActionView.swift in Sources */ = {isa = PBXBuildFile; fileRef = B10057 /* SmallActionView.swift */; };
		A10058 /* TopicReadTracker.swift in Sources */ = {isa = PBXBuildFile; fileRef = B10058 /* TopicReadTracker.swift */; };
		A10059 /* PrivacyInfo.xcprivacy in Resources */ = {isa = PBXBuildFile; fileRef = B10059 /* PrivacyInfo.xcprivacy */; };
		A10060 /* KeyboardShortcutHelpView.swift in Sources */ = {isa = PBXBuildFile; fileRef = B10060 /* KeyboardShortcutHelpView.swift */; };
		A10061 /* RichLinkView.swift in Sources */ = {isa = PBXBuildFile; fileRef = B10061 /* RichLinkView.swift */; };
		A20001 /* DiscoverTests.swift in Sources */ = {isa = PBXBuildFile; fileRef = B20001 /* DiscoverTests.swift */; };
		A20002 /* RawTopicParserTests.swift in Sources */ = {isa = PBXBuildFile; fileRef = B20002 /* RawTopicParserTests.swift */; };
		A20003 /* AuthTests.swift in Sources */ = {isa = PBXBuildFile; fileRef = B20003 /* AuthTests.swift */; };
		A20004 /* ComposerTests.swift in Sources */ = {isa = PBXBuildFile; fileRef = B20004 /* ComposerTests.swift */; };
		A30001 /* Textual in Frameworks */ = {isa = PBXBuildFile; productRef = R10001 /* Textual */; };
		A30002 /* _CryptoExtras in Frameworks */ = {isa = PBXBuildFile; productRef = R10002 /* _CryptoExtras */; };
/* End PBXBuildFile section */

/* Begin PBXContainerItemProxy section */
		P10001 /* PBXContainerItemProxy */ = {
			isa = PBXContainerItemProxy;
			containerPortal = F10002 /* Project object */;
			proxyType = 1;
			remoteGlobalIDString = F10001;
			remoteInfo = SwiftDiscourseHub;
		};
/* End PBXContainerItemProxy section */

/* Begin PBXFileReference section */
		B10001 /* SwiftDiscourseHubApp.swift */ = {isa = PBXFileReference; lastKnownFileType = sourcecode.swift; path = SwiftDiscourseHubApp.swift; sourceTree = "<group>"; };
		B10002 /* ContentView.swift */ = {isa = PBXFileReference; lastKnownFileType = sourcecode.swift; path = ContentView.swift; sourceTree = "<group>"; };
		B10003 /* DiscourseSite.swift */ = {isa = PBXFileReference; lastKnownFileType = sourcecode.swift; path = DiscourseSite.swift; sourceTree = "<group>"; };
		B10004 /* TopicListResponse.swift */ = {isa = PBXFileReference; lastKnownFileType = sourcecode.swift; path = TopicListResponse.swift; sourceTree = "<group>"; };
		B10005 /* CategoryListResponse.swift */ = {isa = PBXFileReference; lastKnownFileType = sourcecode.swift; path = CategoryListResponse.swift; sourceTree = "<group>"; };
		B10006 /* SiteBasicInfo.swift */ = {isa = PBXFileReference; lastKnownFileType = sourcecode.swift; path = SiteBasicInfo.swift; sourceTree = "<group>"; };
		B10007 /* DiscourseAPIClient.swift */ = {isa = PBXFileReference; lastKnownFileType = sourcecode.swift; path = DiscourseAPIClient.swift; sourceTree = "<group>"; };
		B10008 /* SiteDiscoveryService.swift */ = {isa = PBXFileReference; lastKnownFileType = sourcecode.swift; path = SiteDiscoveryService.swift; sourceTree = "<group>"; };
		B10009 /* SiteListViewModel.swift */ = {isa = PBXFileReference; lastKnownFileType = sourcecode.swift; path = SiteListViewModel.swift; sourceTree = "<group>"; };
		B10010 /* TopicListViewModel.swift */ = {isa = PBXFileReference; lastKnownFileType = sourcecode.swift; path = TopicListViewModel.swift; sourceTree = "<group>"; };
		B10011 /* CategoryListViewModel.swift */ = {isa = PBXFileReference; lastKnownFileType = sourcecode.swift; path = CategoryListViewModel.swift; sourceTree = "<group>"; };
		B10012 /* AddSiteViewModel.swift */ = {isa = PBXFileReference; lastKnownFileType = sourcecode.swift; path = AddSiteViewModel.swift; sourceTree = "<group>"; };
		B10013 /* SiteSidebarView.swift */ = {isa = PBXFileReference; lastKnownFileType = sourcecode.swift; path = SiteSidebarView.swift; sourceTree = "<group>"; };
		B10014 /* SiteIconView.swift */ = {isa = PBXFileReference; lastKnownFileType = sourcecode.swift; path = SiteIconView.swift; sourceTree = "<group>"; };
		B10015 /* TopicListView.swift */ = {isa = PBXFileReference; lastKnownFileType = sourcecode.swift; path = TopicListView.swift; sourceTree = "<group>"; };
		B10016 /* TopicRowView.swift */ = {isa = PBXFileReference; lastKnownFileType = sourcecode.swift; path = TopicRowView.swift; sourceTree = "<group>"; };
		B10017 /* TopicFilterBar.swift */ = {isa = PBXFileReference; lastKnownFileType = sourcecode.swift; path = TopicFilterBar.swift; sourceTree = "<group>"; };
		B10018 /* CategoryListView.swift */ = {isa = PBXFileReference; lastKnownFileType = sourcecode.swift; path = CategoryListView.swift; sourceTree = "<group>"; };
		B10019 /* CategoryBadgeView.swift */ = {isa = PBXFileReference; lastKnownFileType = sourcecode.swift; path = CategoryBadgeView.swift; sourceTree = "<group>"; };
		B10020 /* AddSiteSheet.swift */ = {isa = PBXFileReference; lastKnownFileType = sourcecode.swift; path = AddSiteSheet.swift; sourceTree = "<group>"; };
		B10021 /* DiscoverSitesView.swift */ = {isa = PBXFileReference; lastKnownFileType = sourcecode.swift; path = DiscoverSitesView.swift; sourceTree = "<group>"; };
		B10022 /* CachedAsyncImage.swift */ = {isa = PBXFileReference; lastKnownFileType = sourcecode.swift; path = CachedAsyncImage.swift; sourceTree = "<group>"; };
		B10023 /* RelativeTimeText.swift */ = {isa = PBXFileReference; lastKnownFileType = sourcecode.swift; path = RelativeTimeText.swift; sourceTree = "<group>"; };
		B10024 /* ErrorStateView.swift */ = {isa = PBXFileReference; lastKnownFileType = sourcecode.swift; path = ErrorStateView.swift; sourceTree = "<group>"; };
		B10025 /* URLHelpers.swift */ = {isa = PBXFileReference; lastKnownFileType = sourcecode.swift; path = URLHelpers.swift; sourceTree = "<group>"; };
		B10026 /* Color+Hex.swift */ = {isa = PBXFileReference; lastKnownFileType = sourcecode.swift; path = "Color+Hex.swift"; sourceTree = "<group>"; };
		B10027 /* Assets.xcassets */ = {isa = PBXFileReference; lastKnownFileType = folder.assetcatalog; path = Assets.xcassets; sourceTree = "<group>"; };
		B10028 /* TopicDetailView.swift */ = {isa = PBXFileReference; lastKnownFileType = sourcecode.swift; path = TopicDetailView.swift; sourceTree = "<group>"; };
		B10029 /* TopicDetailResponse.swift */ = {isa = PBXFileReference; lastKnownFileType = sourcecode.swift; path = TopicDetailResponse.swift; sourceTree = "<group>"; };
		B10031 /* PostContentView.swift */ = {isa = PBXFileReference; lastKnownFileType = sourcecode.swift; path = PostContentView.swift; sourceTree = "<group>"; };
		B10061 /* RichLinkView.swift */ = {isa = PBXFileReference; lastKnownFileType = sourcecode.swift; path = RichLinkView.swift; sourceTree = "<group>"; };
		B10033 /* RawTopicParser.swift */ = {isa = PBXFileReference; lastKnownFileType = sourcecode.swift; path = RawTopicParser.swift; sourceTree = "<group>"; };
		B10034 /* DiscourseMarkdownPreprocessor.swift */ = {isa = PBXFileReference; lastKnownFileType = sourcecode.swift; path = DiscourseMarkdownPreprocessor.swift; sourceTree = "<group>"; };
		B10035 /* Theme.swift */ = {isa = PBXFileReference; lastKnownFileType = sourcecode.swift; path = Theme.swift; sourceTree = "<group>"; };
		B10037 /* DiscourseTextStyle.swift */ = {isa = PBXFileReference; lastKnownFileType = sourcecode.swift; path = DiscourseTextStyle.swift; sourceTree = "<group>"; };
		B10038 /* Previews.swift */ = {isa = PBXFileReference; lastKnownFileType = sourcecode.swift; path = Previews.swift; sourceTree = "<group>"; };
		B10039 /* DiscoverSiteDetailView.swift */ = {isa = PBXFileReference; lastKnownFileType = sourcecode.swift; path = DiscoverSiteDetailView.swift; sourceTree = "<group>"; };
		B10040 /* KeychainService.swift */ = {isa = PBXFileReference; lastKnownFileType = sourcecode.swift; path = KeychainService.swift; sourceTree = "<group>"; };
		B10041 /* AuthService.swift */ = {isa = PBXFileReference; lastKnownFileType = sourcecode.swift; path = AuthService.swift; sourceTree = "<group>"; };
		B10042 /* CreatePostResponse.swift */ = {isa = PBXFileReference; lastKnownFileType = sourcecode.swift; path = CreatePostResponse.swift; sourceTree = "<group>"; };
		B10043 /* LoginRequiredView.swift */ = {isa = PBXFileReference; lastKnownFileType = sourcecode.swift; path = LoginRequiredView.swift; sourceTree = "<group>"; };
		B10044 /* AuthFooterBar.swift */ = {isa = PBXFileReference; lastKnownFileType = sourcecode.swift; path = AuthFooterBar.swift; sourceTree = "<group>"; };
		B10045 /* ComposerView.swift */ = {isa = PBXFileReference; lastKnownFileType = sourcecode.swift; path = ComposerView.swift; sourceTree = "<group>"; };
		B10046 /* ToastOverlay.swift */ = {isa = PBXFileReference; lastKnownFileType = sourcecode.swift; path = ToastOverlay.swift; sourceTree = "<group>"; };
		B10047 /* UploadResponse.swift */ = {isa = PBXFileReference; lastKnownFileType = sourcecode.swift; path = UploadResponse.swift; sourceTree = "<group>"; };
		B10048 /* CompactSiteListView.swift */ = {isa = PBXFileReference; lastKnownFileType = sourcecode.swift; path = CompactSiteListView.swift; sourceTree = "<group>"; };
		B10049 /* CompactTopicListView.swift */ = {isa = PBXFileReference; lastKnownFileType = sourcecode.swift; path = CompactTopicListView.swift; sourceTree = "<group>"; };
		B10050 /* PostView.swift */ = {isa = PBXFileReference; lastKnownFileType = sourcecode.swift; path = PostView.swift; sourceTree = "<group>"; };
		B10051 /* MarkdownFormatter.swift */ = {isa = PBXFileReference; lastKnownFileType = sourcecode.swift; path = MarkdownFormatter.swift; sourceTree = "<group>"; };
		B10052 /* DiscoverSiteRow.swift */ = {isa = PBXFileReference; lastKnownFileType = sourcecode.swift; path = DiscoverSiteRow.swift; sourceTree = "<group>"; };
		B10053 /* FlowLayout.swift */ = {isa = PBXFileReference; lastKnownFileType = sourcecode.swift; path = FlowLayout.swift; sourceTree = "<group>"; };
		B10054 /* CategoryCardView.swift */ = {isa = PBXFileReference; lastKnownFileType = sourcecode.swift; path = CategoryCardView.swift; sourceTree = "<group>"; };
		B10055 /* DiscoverSiteCard.swift */ = {isa = PBXFileReference; lastKnownFileType = sourcecode.swift; path = DiscoverSiteCard.swift; sourceTree = "<group>"; };
		B10056 /* CurrentUserResponse.swift */ = {isa = PBXFileReference; lastKnownFileType = sourcecode.swift; path = CurrentUserResponse.swift; sourceTree = "<group>"; };
		B10057 /* SmallActionView.swift */ = {isa = PBXFileReference; lastKnownFileType = sourcecode.swift; path = SmallActionView.swift; sourceTree = "<group>"; };
		B10058 /* TopicReadTracker.swift */ = {isa = PBXFileReference; lastKnownFileType = sourcecode.swift; path = TopicReadTracker.swift; sourceTree = "<group>"; };
		B10059 /* PrivacyInfo.xcprivacy */ = {isa = PBXFileReference; lastKnownFileType = text.xml; path = PrivacyInfo.xcprivacy; sourceTree = "<group>"; };
		B10060 /* KeyboardShortcutHelpView.swift */ = {isa = PBXFileReference; lastKnownFileType = sourcecode.swift; path = KeyboardShortcutHelpView.swift; sourceTree = "<group>"; };
		B20001 /* DiscoverTests.swift */ = {isa = PBXFileReference; lastKnownFileType = sourcecode.swift; path = DiscoverTests.swift; sourceTree = "<group>"; };
		B20002 /* RawTopicParserTests.swift */ = {isa = PBXFileReference; lastKnownFileType = sourcecode.swift; path = RawTopicParserTests.swift; sourceTree = "<group>"; };
		B20003 /* AuthTests.swift */ = {isa = PBXFileReference; lastKnownFileType = sourcecode.swift; path = AuthTests.swift; sourceTree = "<group>"; };
		B20004 /* ComposerTests.swift */ = {isa = PBXFileReference; lastKnownFileType = sourcecode.swift; path = ComposerTests.swift; sourceTree = "<group>"; };
		C10001 /* SwiftDiscourseHub.app */ = {isa = PBXFileReference; explicitFileType = wrapper.application; includeInIndex = 0; path = SwiftDiscourseHub.app; sourceTree = BUILT_PRODUCTS_DIR; };
		C20001 /* SwiftDiscourseHubTests.xctest */ = {isa = PBXFileReference; explicitFileType = wrapper.cfbundle; includeInIndex = 0; path = SwiftDiscourseHubTests.xctest; sourceTree = BUILT_PRODUCTS_DIR; };
/* End PBXFileReference section */

/* Begin PBXFrameworksBuildPhase section */
		D10001 /* Frameworks */ = {
			isa = PBXFrameworksBuildPhase;
			buildActionMask = 2147483647;
			files = (
				A30001 /* Textual in Frameworks */,
				A30002 /* _CryptoExtras in Frameworks */,
			);
			runOnlyForDeploymentPostprocessing = 0;
		};
		D20001 /* Frameworks */ = {
			isa = PBXFrameworksBuildPhase;
			buildActionMask = 2147483647;
			files = (
			);
			runOnlyForDeploymentPostprocessing = 0;
		};
/* End PBXFrameworksBuildPhase section */

/* Begin PBXGroup section */
		E10001 = {
			isa = PBXGroup;
			children = (
				E10002 /* SwiftDiscourseHub */,
				E20001 /* SwiftDiscourseHubTests */,
				E10003 /* Products */,
			);
			sourceTree = "<group>";
		};
		E10002 /* SwiftDiscourseHub */ = {
			isa = PBXGroup;
			children = (
				B10001 /* SwiftDiscourseHubApp.swift */,
				B10002 /* ContentView.swift */,
				B10035 /* Theme.swift */,
				B10027 /* Assets.xcassets */,
				B10059 /* PrivacyInfo.xcprivacy */,
				E10004 /* Models */,
				E10007 /* Services */,
				E10008 /* ViewModels */,
				E10009 /* Views */,
				E10014 /* Utilities */,
			);
			path = SwiftDiscourseHub;
			sourceTree = "<group>";
		};
		E10003 /* Products */ = {
			isa = PBXGroup;
			children = (
				C10001 /* SwiftDiscourseHub.app */,
				C20001 /* SwiftDiscourseHubTests.xctest */,
			);
			name = Products;
			sourceTree = "<group>";
		};
		E10004 /* Models */ = {
			isa = PBXGroup;
			children = (
				B10003 /* DiscourseSite.swift */,
				E10005 /* APIModels */,
			);
			path = Models;
			sourceTree = "<group>";
		};
		E10005 /* APIModels */ = {
			isa = PBXGroup;
			children = (
				B10004 /* TopicListResponse.swift */,
				B10005 /* CategoryListResponse.swift */,
				B10006 /* SiteBasicInfo.swift */,
				B10029 /* TopicDetailResponse.swift */,
				B10042 /* CreatePostResponse.swift */,
				B10047 /* UploadResponse.swift */,
				B10056 /* CurrentUserResponse.swift */,
			);
			path = APIModels;
			sourceTree = "<group>";
		};
		E10007 /* Services */ = {
			isa = PBXGroup;
			children = (
				B10007 /* DiscourseAPIClient.swift */,
				B10008 /* SiteDiscoveryService.swift */,
				B10033 /* RawTopicParser.swift */,
				B10034 /* DiscourseMarkdownPreprocessor.swift */,
				B10040 /* KeychainService.swift */,
				B10041 /* AuthService.swift */,
				B10058 /* TopicReadTracker.swift */,
			);
			path = Services;
			sourceTree = "<group>";
		};
		E10008 /* ViewModels */ = {
			isa = PBXGroup;
			children = (
				B10009 /* SiteListViewModel.swift */,
				B10010 /* TopicListViewModel.swift */,
				B10011 /* CategoryListViewModel.swift */,
				B10012 /* AddSiteViewModel.swift */,
			);
			path = ViewModels;
			sourceTree = "<group>";
		};
		E10009 /* Views */ = {
			isa = PBXGroup;
			children = (
				E10010 /* Sidebar */,
				E10011 /* Topics */,
				E10012 /* Categories */,
				E10013 /* AddSite */,
				E10015 /* Common */,
				E10016 /* Auth */,
				E10017 /* Composer */,
			);
			path = Views;
			sourceTree = "<group>";
		};
		E10010 /* Sidebar */ = {
			isa = PBXGroup;
			children = (
				B10013 /* SiteSidebarView.swift */,
				B10014 /* SiteIconView.swift */,
			);
			path = Sidebar;
			sourceTree = "<group>";
		};
		E10011 /* Topics */ = {
			isa = PBXGroup;
			children = (
				B10015 /* TopicListView.swift */,
				B10016 /* TopicRowView.swift */,
				B10017 /* TopicFilterBar.swift */,
				B10028 /* TopicDetailView.swift */,
				B10048 /* CompactSiteListView.swift */,
				B10049 /* CompactTopicListView.swift */,
				B10050 /* PostView.swift */,
				B10057 /* SmallActionView.swift */,
			);
			path = Topics;
			sourceTree = "<group>";
		};
		E10012 /* Categories */ = {
			isa = PBXGroup;
			children = (
				B10018 /* CategoryListView.swift */,
				B10019 /* CategoryBadgeView.swift */,
				B10054 /* CategoryCardView.swift */,
			);
			path = Categories;
			sourceTree = "<group>";
		};
		E10013 /* AddSite */ = {
			isa = PBXGroup;
			children = (
				B10020 /* AddSiteSheet.swift */,
				B10021 /* DiscoverSitesView.swift */,
				B10039 /* DiscoverSiteDetailView.swift */,
				B10052 /* DiscoverSiteRow.swift */,
				B10055 /* DiscoverSiteCard.swift */,
			);
			path = AddSite;
			sourceTree = "<group>";
		};
		E10014 /* Utilities */ = {
			isa = PBXGroup;
			children = (
				B10025 /* URLHelpers.swift */,
				B10026 /* Color+Hex.swift */,
				B10053 /* FlowLayout.swift */,
			);
			path = Utilities;
			sourceTree = "<group>";
		};
		E10015 /* Common */ = {
			isa = PBXGroup;
			children = (
				B10022 /* CachedAsyncImage.swift */,
				B10023 /* RelativeTimeText.swift */,
				B10024 /* ErrorStateView.swift */,
				B10031 /* PostContentView.swift */,
				B10061 /* RichLinkView.swift */,
				B10046 /* ToastOverlay.swift */,
				B10037 /* DiscourseTextStyle.swift */,
				B10038 /* Previews.swift */,
				B10060 /* KeyboardShortcutHelpView.swift */,
			);
			path = Common;
			sourceTree = "<group>";
		};
		E10016 /* Auth */ = {
			isa = PBXGroup;
			children = (
				B10043 /* LoginRequiredView.swift */,
				B10044 /* AuthFooterBar.swift */,
			);
			path = Auth;
			sourceTree = "<group>";
		};
		E10017 /* Composer */ = {
			isa = PBXGroup;
			children = (
				B10045 /* ComposerView.swift */,
				B10051 /* MarkdownFormatter.swift */,
			);
			path = Composer;
			sourceTree = "<group>";
		};
		E20001 /* SwiftDiscourseHubTests */ = {
			isa = PBXGroup;
			children = (
				B20001 /* DiscoverTests.swift */,
				B20002 /* RawTopicParserTests.swift */,
				B20003 /* AuthTests.swift */,
				B20004 /* ComposerTests.swift */,
			);
			path = SwiftDiscourseHubTests;
			sourceTree = "<group>";
		};
/* End PBXGroup section */

/* Begin PBXNativeTarget section */
		F10001 /* SwiftDiscourseHub */ = {
			isa = PBXNativeTarget;
			buildConfigurationList = G10002 /* Build configuration list for PBXNativeTarget "SwiftDiscourseHub" */;
			buildPhases = (
				D10002 /* Sources */,
				D10001 /* Frameworks */,
				D10003 /* Resources */,
			);
			buildRules = (
			);
			dependencies = (
			);
			name = SwiftDiscourseHub;
			packageProductDependencies = (
				R10001 /* Textual */,
				R10002 /* _CryptoExtras */,
			);
			productName = SwiftDiscourseHub;
			productReference = C10001 /* SwiftDiscourseHub.app */;
			productType = "com.apple.product-type.application";
		};
		F20001 /* SwiftDiscourseHubTests */ = {
			isa = PBXNativeTarget;
			buildConfigurationList = G20001 /* Build configuration list for PBXNativeTarget "SwiftDiscourseHubTests" */;
			buildPhases = (
				D20002 /* Sources */,
				D20001 /* Frameworks */,
			);
			buildRules = (
			);
			dependencies = (
				Q10001 /* PBXTargetDependency */,
			);
			name = SwiftDiscourseHubTests;
			productName = SwiftDiscourseHubTests;
			productReference = C20001 /* SwiftDiscourseHubTests.xctest */;
			productType = "com.apple.product-type.bundle.unit-test";
		};
/* End PBXNativeTarget section */

/* Begin PBXProject section */
		F10002 /* Project object */ = {
			isa = PBXProject;
			attributes = {
				BuildIndependentTargetsInParallel = 1;
				LastSwiftUpdateCheck = 1600;
				LastUpgradeCheck = 2600;
			};
			buildConfigurationList = G10001 /* Build configuration list for PBXProject "SwiftDiscourseHub" */;
			compatibilityVersion = "Xcode 15.0";
			developmentRegion = en;
			hasScannedForEncodings = 0;
			knownRegions = (
				en,
				Base,
			);
			mainGroup = E10001;
			packageReferences = (
				S10001 /* XCRemoteSwiftPackageReference "textual" */,
				S10002 /* XCRemoteSwiftPackageReference "swift-crypto" */,
			);
			productRefGroup = E10003 /* Products */;
			projectDirPath = "";
			projectRoot = "";
			targets = (
				F10001 /* SwiftDiscourseHub */,
				F20001 /* SwiftDiscourseHubTests */,
			);
		};
/* End PBXProject section */

/* Begin PBXResourcesBuildPhase section */
		D10003 /* Resources */ = {
			isa = PBXResourcesBuildPhase;
			buildActionMask = 2147483647;
			files = (
				A10027 /* Assets.xcassets in Resources */,
				A10059 /* PrivacyInfo.xcprivacy in Resources */,
			);
			runOnlyForDeploymentPostprocessing = 0;
		};
/* End PBXResourcesBuildPhase section */

/* Begin PBXSourcesBuildPhase section */
		D10002 /* Sources */ = {
			isa = PBXSourcesBuildPhase;
			buildActionMask = 2147483647;
			files = (
				A10001 /* SwiftDiscourseHubApp.swift in Sources */,
				A10002 /* ContentView.swift in Sources */,
				A10003 /* DiscourseSite.swift in Sources */,
				A10004 /* TopicListResponse.swift in Sources */,
				A10005 /* CategoryListResponse.swift in Sources */,
				A10006 /* SiteBasicInfo.swift in Sources */,
				A10007 /* DiscourseAPIClient.swift in Sources */,
				A10008 /* SiteDiscoveryService.swift in Sources */,
				A10009 /* SiteListViewModel.swift in Sources */,
				A10010 /* TopicListViewModel.swift in Sources */,
				A10011 /* CategoryListViewModel.swift in Sources */,
				A10012 /* AddSiteViewModel.swift in Sources */,
				A10013 /* SiteSidebarView.swift in Sources */,
				A10014 /* SiteIconView.swift in Sources */,
				A10015 /* TopicListView.swift in Sources */,
				A10016 /* TopicRowView.swift in Sources */,
				A10017 /* TopicFilterBar.swift in Sources */,
				A10018 /* CategoryListView.swift in Sources */,
				A10019 /* CategoryBadgeView.swift in Sources */,
				A10020 /* AddSiteSheet.swift in Sources */,
				A10021 /* DiscoverSitesView.swift in Sources */,
				A10039 /* DiscoverSiteDetailView.swift in Sources */,
				A10022 /* CachedAsyncImage.swift in Sources */,
				A10023 /* RelativeTimeText.swift in Sources */,
				A10024 /* ErrorStateView.swift in Sources */,
				A10025 /* URLHelpers.swift in Sources */,
				A10026 /* Color+Hex.swift in Sources */,
				A10028 /* TopicDetailView.swift in Sources */,
				A10029 /* TopicDetailResponse.swift in Sources */,
				A10031 /* PostContentView.swift in Sources */,
				A10061 /* RichLinkView.swift in Sources */,
				A10033 /* RawTopicParser.swift in Sources */,
				A10034 /* DiscourseMarkdownPreprocessor.swift in Sources */,
				A10035 /* Theme.swift in Sources */,
				A10037 /* DiscourseTextStyle.swift in Sources */,
				A10038 /* Previews.swift in Sources */,
				A10040 /* KeychainService.swift in Sources */,
				A10041 /* AuthService.swift in Sources */,
				A10042 /* CreatePostResponse.swift in Sources */,
				A10043 /* LoginRequiredView.swift in Sources */,
				A10044 /* AuthFooterBar.swift in Sources */,
				A10045 /* ComposerView.swift in Sources */,
				A10046 /* ToastOverlay.swift in Sources */,
				A10047 /* UploadResponse.swift in Sources */,
				A10056 /* CurrentUserResponse.swift in Sources */,
				A10048 /* CompactSiteListView.swift in Sources */,
				A10049 /* CompactTopicListView.swift in Sources */,
				A10050 /* PostView.swift in Sources */,
				A10057 /* SmallActionView.swift in Sources */,
				A10051 /* MarkdownFormatter.swift in Sources */,
				A10052 /* DiscoverSiteRow.swift in Sources */,
				A10055 /* DiscoverSiteCard.swift in Sources */,
				A10053 /* FlowLayout.swift in Sources */,
				A10054 /* CategoryCardView.swift in Sources */,
				A10058 /* TopicReadTracker.swift in Sources */,
				A10060 /* KeyboardShortcutHelpView.swift in Sources */,
			);
			runOnlyForDeploymentPostprocessing = 0;
		};
		D20002 /* Sources */ = {
			isa = PBXSourcesBuildPhase;
			buildActionMask = 2147483647;
			files = (
				A20001 /* DiscoverTests.swift in Sources */,
				A20002 /* RawTopicParserTests.swift in Sources */,
				A20003 /* AuthTests.swift in Sources */,
				A20004 /* ComposerTests.swift in Sources */,
			);
			runOnlyForDeploymentPostprocessing = 0;
		};
/* End PBXSourcesBuildPhase section */

/* Begin PBXTargetDependency section */
		Q10001 /* PBXTargetDependency */ = {
			isa = PBXTargetDependency;
			target = F10001 /* SwiftDiscourseHub */;
			targetProxy = P10001 /* PBXContainerItemProxy */;
		};
/* End PBXTargetDependency section */

/* Begin XCBuildConfiguration section */
		H10001 /* Debug */ = {
			isa = XCBuildConfiguration;
			buildSettings = {
				ALWAYS_SEARCH_USER_PATHS = NO;
				ASSETCATALOG_COMPILER_GENERATE_SWIFT_ASSET_SYMBOL_EXTENSIONS = YES;
				CLANG_ENABLE_MODULES = YES;
				CLANG_ENABLE_OBJC_ARC = YES;
				CLANG_WARN_BLOCK_CAPTURE_AUTORELEASING = YES;
				CLANG_WARN_BOOL_CONVERSION = YES;
				CLANG_WARN_COMMA = YES;
				CLANG_WARN_CONSTANT_CONVERSION = YES;
				CLANG_WARN_DEPRECATED_OBJC_IMPLEMENTATIONS = YES;
				CLANG_WARN_EMPTY_BODY = YES;
				CLANG_WARN_ENUM_CONVERSION = YES;
				CLANG_WARN_INFINITE_RECURSION = YES;
				CLANG_WARN_INT_CONVERSION = YES;
				CLANG_WARN_NON_LITERAL_NULL_CONVERSION = YES;
				CLANG_WARN_OBJC_IMPLICIT_RETAIN_SELF = YES;
				CLANG_WARN_OBJC_LITERAL_CONVERSION = YES;
				CLANG_WARN_QUOTED_INCLUDE_IN_FRAMEWORK_HEADER = YES;
				CLANG_WARN_RANGE_LOOP_ANALYSIS = YES;
				CLANG_WARN_STRICT_PROTOTYPES = YES;
				CLANG_WARN_SUSPICIOUS_MOVE = YES;
				CLANG_WARN_UNREACHABLE_CODE = YES;
				CLANG_WARN__DUPLICATE_METHOD_MATCH = YES;
				COPY_PHASE_STRIP = NO;
				DEAD_CODE_STRIPPING = YES;
				DEBUG_INFORMATION_FORMAT = dwarf;
				ENABLE_STRICT_OBJC_MSGSEND = YES;
				ENABLE_TESTABILITY = YES;
				ENABLE_USER_SCRIPT_SANDBOXING = YES;
				GCC_DYNAMIC_NO_PIC = NO;
				GCC_NO_COMMON_BLOCKS = YES;
				GCC_OPTIMIZATION_LEVEL = 0;
				GCC_PREPROCESSOR_DEFINITIONS = (
					"DEBUG=1",
					"$(inherited)",
				);
				GCC_WARN_64_TO_32_BIT_CONVERSION = YES;
				GCC_WARN_ABOUT_RETURN_TYPE = YES;
				GCC_WARN_UNDECLARED_SELECTOR = YES;
				GCC_WARN_UNINITIALIZED_AUTOS = YES;
				GCC_WARN_UNUSED_FUNCTION = YES;
				GCC_WARN_UNUSED_VARIABLE = YES;
				MTL_ENABLE_DEBUG_INFO = INCLUDE_SOURCE;
				ONLY_ACTIVE_ARCH = YES;
				STRING_CATALOG_GENERATE_SYMBOLS = YES;
				SWIFT_ACTIVE_COMPILATION_CONDITIONS = "$(inherited) DEBUG";
				SWIFT_OPTIMIZATION_LEVEL = "-Onone";
				SWIFT_STRICT_CONCURRENCY = minimal;
			};
			name = Debug;
		};
		H10002 /* Release */ = {
			isa = XCBuildConfiguration;
			buildSettings = {
				ALWAYS_SEARCH_USER_PATHS = NO;
				ASSETCATALOG_COMPILER_GENERATE_SWIFT_ASSET_SYMBOL_EXTENSIONS = YES;
				CLANG_ENABLE_MODULES = YES;
				CLANG_ENABLE_OBJC_ARC = YES;
				CLANG_WARN_BLOCK_CAPTURE_AUTORELEASING = YES;
				CLANG_WARN_BOOL_CONVERSION = YES;
				CLANG_WARN_COMMA = YES;
				CLANG_WARN_CONSTANT_CONVERSION = YES;
				CLANG_WARN_DEPRECATED_OBJC_IMPLEMENTATIONS = YES;
				CLANG_WARN_EMPTY_BODY = YES;
				CLANG_WARN_ENUM_CONVERSION = YES;
				CLANG_WARN_INFINITE_RECURSION = YES;
				CLANG_WARN_INT_CONVERSION = YES;
				CLANG_WARN_NON_LITERAL_NULL_CONVERSION = YES;
				CLANG_WARN_OBJC_IMPLICIT_RETAIN_SELF = YES;
				CLANG_WARN_OBJC_LITERAL_CONVERSION = YES;
				CLANG_WARN_QUOTED_INCLUDE_IN_FRAMEWORK_HEADER = YES;
				CLANG_WARN_RANGE_LOOP_ANALYSIS = YES;
				CLANG_WARN_STRICT_PROTOTYPES = YES;
				CLANG_WARN_SUSPICIOUS_MOVE = YES;
				CLANG_WARN_UNREACHABLE_CODE = YES;
				CLANG_WARN__DUPLICATE_METHOD_MATCH = YES;
				COPY_PHASE_STRIP = NO;
				DEAD_CODE_STRIPPING = YES;
				DEBUG_INFORMATION_FORMAT = "dwarf-with-dsym";
				ENABLE_NS_ASSERTIONS = NO;
				ENABLE_STRICT_OBJC_MSGSEND = YES;
				ENABLE_USER_SCRIPT_SANDBOXING = YES;
				GCC_NO_COMMON_BLOCKS = YES;
				GCC_WARN_64_TO_32_BIT_CONVERSION = YES;
				GCC_WARN_ABOUT_RETURN_TYPE = YES;
				GCC_WARN_UNDECLARED_SELECTOR = YES;
				GCC_WARN_UNINITIALIZED_AUTOS = YES;
				GCC_WARN_UNUSED_FUNCTION = YES;
				GCC_WARN_UNUSED_VARIABLE = YES;
				STRING_CATALOG_GENERATE_SYMBOLS = YES;
				SWIFT_COMPILATION_MODE = wholemodule;
				SWIFT_STRICT_CONCURRENCY = minimal;
			};
			name = Release;
		};
		H10003 /* Debug */ = {
			isa = XCBuildConfiguration;
			buildSettings = {
				ASSETCATALOG_COMPILER_APPICON_NAME = AppIcon;
				CODE_SIGN_ENTITLEMENTS = SwiftDiscourseHub/SwiftDiscourseHub.entitlements;
				CODE_SIGN_STYLE = Automatic;
				CURRENT_PROJECT_VERSION = 1;
				DEAD_CODE_STRIPPING = YES;
				DEVELOPMENT_TEAM = M4XMDAF939;
				ENABLE_APP_SANDBOX = YES;
				ENABLE_OUTGOING_NETWORK_CONNECTIONS = YES;
				ENABLE_PREVIEWS = YES;
				GENERATE_INFOPLIST_FILE = YES;
				INFOPLIST_FILE = SwiftDiscourseHub/Info.plist;
				INFOPLIST_KEY_LSApplicationCategoryType = "public.app-category.news";
				INFOPLIST_KEY_UIApplicationSceneManifest_Generation = YES;
				INFOPLIST_KEY_UIApplicationSupportsIndirectInputEvents = YES;
				INFOPLIST_KEY_UILaunchScreen_Generation = YES;
				INFOPLIST_KEY_UISupportedInterfaceOrientations_iPad = "UIInterfaceOrientationPortrait UIInterfaceOrientationPortraitUpsideDown UIInterfaceOrientationLandscapeLeft UIInterfaceOrientationLandscapeRight";
				INFOPLIST_KEY_UISupportedInterfaceOrientations_iPhone = "UIInterfaceOrientationPortrait UIInterfaceOrientationLandscapeLeft UIInterfaceOrientationLandscapeRight";
				IPHONEOS_DEPLOYMENT_TARGET = 18.0;
				LD_RUNPATH_SEARCH_PATHS = (
					"$(inherited)",
					"@executable_path/Frameworks",
					"@executable_path/../Frameworks",
				);
				MACOSX_DEPLOYMENT_TARGET = 15.0;
				MARKETING_VERSION = 1.0;
				PRODUCT_BUNDLE_IDENTIFIER = com.pmusaraj.SwiftDiscourseHub;
				PRODUCT_NAME = "$(TARGET_NAME)";
				SUPPORTED_PLATFORMS = "iphoneos iphonesimulator macosx";
				SUPPORTS_MACCATALYST = NO;
				SWIFT_EMIT_LOC_STRINGS = YES;
				SWIFT_VERSION = 6.0;
				TARGETED_DEVICE_FAMILY = "1,2";
			};
			name = Debug;
		};
		H10004 /* Release */ = {
			isa = XCBuildConfiguration;
			buildSettings = {
				ASSETCATALOG_COMPILER_APPICON_NAME = AppIcon;
				CODE_SIGN_ENTITLEMENTS = SwiftDiscourseHub/SwiftDiscourseHub.entitlements;
				CODE_SIGN_STYLE = Automatic;
				CURRENT_PROJECT_VERSION = 1;
				DEAD_CODE_STRIPPING = YES;
				DEVELOPMENT_TEAM = M4XMDAF939;
				ENABLE_APP_SANDBOX = YES;
				ENABLE_OUTGOING_NETWORK_CONNECTIONS = YES;
				ENABLE_PREVIEWS = YES;
				GENERATE_INFOPLIST_FILE = YES;
				INFOPLIST_FILE = SwiftDiscourseHub/Info.plist;
				INFOPLIST_KEY_LSApplicationCategoryType = "public.app-category.news";
				INFOPLIST_KEY_UIApplicationSceneManifest_Generation = YES;
				INFOPLIST_KEY_UIApplicationSupportsIndirectInputEvents = YES;
				INFOPLIST_KEY_UILaunchScreen_Generation = YES;
				INFOPLIST_KEY_UISupportedInterfaceOrientations_iPad = "UIInterfaceOrientationPortrait UIInterfaceOrientationPortraitUpsideDown UIInterfaceOrientationLandscapeLeft UIInterfaceOrientationLandscapeRight";
				INFOPLIST_KEY_UISupportedInterfaceOrientations_iPhone = "UIInterfaceOrientationPortrait UIInterfaceOrientationLandscapeLeft UIInterfaceOrientationLandscapeRight";
				IPHONEOS_DEPLOYMENT_TARGET = 18.0;
				LD_RUNPATH_SEARCH_PATHS = (
					"$(inherited)",
					"@executable_path/Frameworks",
					"@executable_path/../Frameworks",
				);
				MACOSX_DEPLOYMENT_TARGET = 15.0;
				MARKETING_VERSION = 1.0;
				PRODUCT_BUNDLE_IDENTIFIER = com.pmusaraj.SwiftDiscourseHub;
				PRODUCT_NAME = "$(TARGET_NAME)";
				SUPPORTED_PLATFORMS = "iphoneos iphonesimulator macosx";
				SUPPORTS_MACCATALYST = NO;
				SWIFT_EMIT_LOC_STRINGS = YES;
				SWIFT_VERSION = 6.0;
				TARGETED_DEVICE_FAMILY = "1,2";
			};
			name = Release;
		};
		H20001 /* Debug */ = {
			isa = XCBuildConfiguration;
			buildSettings = {
				BUNDLE_LOADER = "$(TEST_HOST)";
				CODE_SIGN_STYLE = Automatic;
				CURRENT_PROJECT_VERSION = 1;
				DEAD_CODE_STRIPPING = YES;
				GENERATE_INFOPLIST_FILE = YES;
				IPHONEOS_DEPLOYMENT_TARGET = 18.0;
				MACOSX_DEPLOYMENT_TARGET = 15.0;
				MARKETING_VERSION = 1.0;
				PRODUCT_BUNDLE_IDENTIFIER = com.pmusaraj.SwiftDiscourseHubTests;
				PRODUCT_NAME = "$(TARGET_NAME)";
				SUPPORTED_PLATFORMS = "iphoneos iphonesimulator macosx";
				SUPPORTS_MACCATALYST = NO;
				SWIFT_EMIT_LOC_STRINGS = NO;
				SWIFT_VERSION = 6.0;
				TARGETED_DEVICE_FAMILY = "1,2";
				TEST_HOST = "$(BUILT_PRODUCTS_DIR)/SwiftDiscourseHub.app/$(BUNDLE_EXECUTABLE_FOLDER_PATH)/SwiftDiscourseHub";
			};
			name = Debug;
		};
		H20002 /* Release */ = {
			isa = XCBuildConfiguration;
			buildSettings = {
				BUNDLE_LOADER = "$(TEST_HOST)";
				CODE_SIGN_STYLE = Automatic;
				CURRENT_PROJECT_VERSION = 1;
				DEAD_CODE_STRIPPING = YES;
				GENERATE_INFOPLIST_FILE = YES;
				IPHONEOS_DEPLOYMENT_TARGET = 18.0;
				MACOSX_DEPLOYMENT_TARGET = 15.0;
				MARKETING_VERSION = 1.0;
				PRODUCT_BUNDLE_IDENTIFIER = com.pmusaraj.SwiftDiscourseHubTests;
				PRODUCT_NAME = "$(TARGET_NAME)";
				SUPPORTED_PLATFORMS = "iphoneos iphonesimulator macosx";
				SUPPORTS_MACCATALYST = NO;
				SWIFT_EMIT_LOC_STRINGS = NO;
				SWIFT_VERSION = 6.0;
				TARGETED_DEVICE_FAMILY = "1,2";
				TEST_HOST = "$(BUILT_PRODUCTS_DIR)/SwiftDiscourseHub.app/$(BUNDLE_EXECUTABLE_FOLDER_PATH)/SwiftDiscourseHub";
			};
			name = Release;
		};
/* End XCBuildConfiguration section */

/* Begin XCConfigurationList section */
		G10001 /* Build configuration list for PBXProject "SwiftDiscourseHub" */ = {
			isa = XCConfigurationList;
			buildConfigurations = (
				H10001 /* Debug */,
				H10002 /* Release */,
			);
			defaultConfigurationIsVisible = 0;
			defaultConfigurationName = Release;
		};
		G10002 /* Build configuration list for PBXNativeTarget "SwiftDiscourseHub" */ = {
			isa = XCConfigurationList;
			buildConfigurations = (
				H10003 /* Debug */,
				H10004 /* Release */,
			);
			defaultConfigurationIsVisible = 0;
			defaultConfigurationName = Release;
		};
		G20001 /* Build configuration list for PBXNativeTarget "SwiftDiscourseHubTests" */ = {
			isa = XCConfigurationList;
			buildConfigurations = (
				H20001 /* Debug */,
				H20002 /* Release */,
			);
			defaultConfigurationIsVisible = 0;
			defaultConfigurationName = Release;
		};
/* End XCConfigurationList section */

/* Begin XCRemoteSwiftPackageReference section */
		S10001 /* XCRemoteSwiftPackageReference "textual" */ = {
			isa = XCRemoteSwiftPackageReference;
			repositoryURL = "https://github.com/gonzalezreal/textual.git";
			requirement = {
				kind = upToNextMajorVersion;
				minimumVersion = 0.1.0;
			};
		};
		S10002 /* XCRemoteSwiftPackageReference "swift-crypto" */ = {
			isa = XCRemoteSwiftPackageReference;
			repositoryURL = "https://github.com/apple/swift-crypto.git";
			requirement = {
				kind = upToNextMajorVersion;
				minimumVersion = 4.0.0;
			};
		};
/* End XCRemoteSwiftPackageReference section */

/* Begin XCSwiftPackageProductDependency section */
		R10001 /* Textual */ = {
			isa = XCSwiftPackageProductDependency;
			package = S10001 /* XCRemoteSwiftPackageReference "textual" */;
			productName = Textual;
		};
		R10002 /* _CryptoExtras */ = {
			isa = XCSwiftPackageProductDependency;
			package = S10002 /* XCRemoteSwiftPackageReference "swift-crypto" */;
			productName = _CryptoExtras;
		};
/* End XCSwiftPackageProductDependency section */
	};
	rootObject = F10002 /* Project object */;
}
